{
  "name": "node_tree",
  "version": "1.0.0",
  "lockfileVersion": 1,
  "requires": true,
  "dependencies": {
    "ansi-regex": {
      "version": "2.1.1",
      "resolved": "http://registry.npm.taobao.org/ansi-regex/download/ansi-regex-2.1.1.tgz",
      "integrity": "sha1-w7M6te42DYbg5ijwRorn7yfWVN8=",
      "dev": true
    },
    "cli-color": {
      "version": "1.2.0",
      "resolved": "http://registry.npm.taobao.org/cli-color/download/cli-color-1.2.0.tgz",
      "integrity": "sha1-OlrnT9drYmevZm5p4q+70B3vNNE=",
      "dev": true,
      "requires": {
        "ansi-regex": "2.1.1",
        "d": "1.0.0",
        "es5-ext": "0.10.45",
        "es6-iterator": "2.0.3",
        "memoizee": "0.4.12",
        "timers-ext": "0.1.5"
      }
    },
    "d": {
      "version": "1.0.0",
      "resolved": "http://registry.npm.taobao.org/d/download/d-1.0.0.tgz",
      "integrity": "sha1-dUu1v+VUUdpppYuU1F9MWwRi1Y8=",
      "dev": true,
      "requires": {
        "es5-ext": "0.10.45"
      }
    },
    "es5-ext": {
      "version": "0.10.45",
      "resolved": "http://registry.npm.taobao.org/es5-ext/download/es5-ext-0.10.45.tgz",
      "integrity": "sha1-C/33tHPaWRnVrfO9Jc63VPzMNlM=",
      "dev": true,
      "requires": {
        "es6-iterator": "2.0.3",
        "es6-symbol": "3.1.1",
        "next-tick": "1.0.0"
      }
    },
    "es6-iterator": {
      "version": "2.0.3",
      "resolved": "http://registry.npm.taobao.org/es6-iterator/download/es6-iterator-2.0.3.tgz",
      "integrity": "sha1-p96IkUGgWpSwhUQDstCg+/qY87c=",
      "dev": true,
      "requires": {
        "d": "1.0.0",
        "es5-ext": "0.10.45",
        "es6-symbol": "3.1.1"
      }
    },
    "es6-symbol": {
      "version": "3.1.1",
      "resolved": "http://registry.npm.taobao.org/es6-symbol/download/es6-symbol-3.1.1.tgz",
      "integrity": "sha1-vwDvT9q2uhtG7Le2KbTH7VcVzHc=",
      "dev": true,
      "requires": {
        "d": "1.0.0",
        "es5-ext": "0.10.45"
      }
    },
    "es6-weak-map": {
      "version": "2.0.2",
      "resolved": "http://registry.npm.taobao.org/es6-weak-map/download/es6-weak-map-2.0.2.tgz",
      "integrity": "sha1-XjqzIlH/0VOKH45f+hNXdy+S2W8=",
      "dev": true,
      "requires": {
        "d": "1.0.0",
        "es5-ext": "0.10.45",
        "es6-iterator": "2.0.3",
        "es6-symbol": "3.1.1"
      }
    },
    "event-emitter": {
      "version": "0.3.5",
      "resolved": "http://registry.npm.taobao.org/event-emitter/download/event-emitter-0.3.5.tgz",
      "integrity": "sha1-34xp7vFkeSPHFXuc6DhAYQsCzDk=",
      "dev": true,
      "requires": {
        "d": "1.0.0",
        "es5-ext": "0.10.45"
      }
    },
    "is-promise": {
      "version": "2.1.0",
      "resolved": "http://registry.npm.taobao.org/is-promise/download/is-promise-2.1.0.tgz",
      "integrity": "sha1-eaKp7OfwlugPNtKy87wWwf9L8/o=",
      "dev": true
    },
    "lru-queue": {
      "version": "0.1.0",
      "resolved": "http://registry.npm.taobao.org/lru-queue/download/lru-queue-0.1.0.tgz",
      "integrity": "sha1-Jzi9nw089PhEkMVzbEhpmsYyzaM=",
      "dev": true,
      "requires": {
        "es5-ext": "0.10.45"
      }
    },
    "memoizee": {
      "version": "0.4.12",
      "resolved": "http://registry.npm.taobao.org/memoizee/download/memoizee-0.4.12.tgz",
      "integrity": "sha1-eA6ZohnFDFSb5tD8YXZQgJdcWPs=",
      "dev": true,
      "requires": {
        "d": "1.0.0",
        "es5-ext": "0.10.45",
        "es6-weak-map": "2.0.2",
        "event-emitter": "0.3.5",
        "is-promise": "2.1.0",
        "lru-queue": "0.1.0",
        "next-tick": "1.0.0",
        "timers-ext": "0.1.5"
      }
    },
    "next-tick": {
      "version": "1.0.0",
      "resolved": "http://registry.npm.taobao.org/next-tick/download/next-tick-1.0.0.tgz",
      "integrity": "sha1-yobR/ogoFpsBICCOPchCS524NCw=",
      "dev": true
    },
    "timers-ext": {
      "version": "0.1.5",
      "resolved": "http://registry.npm.taobao.org/timers-ext/download/timers-ext-0.1.5.tgz",
      "integrity": "sha1-dxR91OdrZgwqu4eF25ZXTLvRKSI=",
      "dev": true,
      "requires": {
        "es5-ext": "0.10.45",
        "next-tick": "1.0.0"
      }
    }
  }
}
